<?xml version="1.0" encoding="utf-8"?>
<Project ToolsVersion="4.0" xmlns="http://schemas.microsoft.com/developer/msbuild/2003">
  <ItemGroup>
    <Filter Include="Source Files">
      <UniqueIdentifier>{4FC737F1-C7A5-4376-A066-2A32D752A2FF}</UniqueIdentifier>
      <Extensions>cpp;c;cc;cxx;def;odl;idl;hpj;bat;asm;asmx</Extensions>
    </Filter>
    <Filter Include="Header Files">
      <UniqueIdentifier>{93995380-89BD-4b04-88EB-625FBE52EBFB}</UniqueIdentifier>
      <Extensions>h;hpp;hxx;hm;inl;inc;xsd</Extensions>
    </Filter>
    <Filter Include="Resource Files">
      <UniqueIdentifier>{67DA6AB6-F800-4c08-8B7A-83BB121AAD01}</UniqueIdentifier>
      <Extensions>rc;ico;cur;bmp;dlg;rc2;rct;bin;rgs;gif;jpg;jpeg;jpe;resx;tiff;tif;png;wav</Extensions>
    </Filter>
  </ItemGroup>
  <ItemGroup>
    <ClCompile Include="BarcodeDlg.cpp">
      <Filter>Source Files</Filter>
    </ClCompile>
    <ClCompile Include="ConfigurationDlg.cpp">
      <Filter>Source Files</Filter>
    </ClCompile>
    <ClCompile Include="DadfScriptDlg.cpp">
      <Filter>Source Files</Filter>
    </ClCompile>
    <ClCompile Include="EmbeddedBrowser.cpp">
      <Filter>Source Files</Filter>
    </ClCompile>
    <ClCompile Include="EventSink.cpp">
      <Filter>Source Files</Filter>
    </ClCompile>
    <ClCompile Include="ImageVideoDlg.cpp">
      <Filter>Source Files</Filter>
    </ClCompile>
    <ClCompile Include="IntelDocCap.cpp">
      <Filter>Source Files</Filter>
    </ClCompile>
    <ClCompile Include="ISO15434.cpp">
      <Filter>Source Files</Filter>
    </ClCompile>
    <ClCompile Include="LogsDlg.cpp">
      <Filter>Source Files</Filter>
    </ClCompile>
    <ClCompile Include="MiscellaneousDlg.cpp">
      <Filter>Source Files</Filter>
    </ClCompile>
    <ClCompile Include="QuickXmlParser.cpp">
      <Filter>Source Files</Filter>
    </ClCompile>
    <ClCompile Include="RSMDlg.cpp">
      <Filter>Source Files</Filter>
    </ClCompile>
    <ClCompile Include="RsmList.cpp">
      <Filter>Source Files</Filter>
    </ClCompile>
    <ClCompile Include="ScaleDlg.cpp">
      <Filter>Source Files</Filter>
    </ClCompile>
    <ClCompile Include="ScannerActionDlg.cpp">
      <Filter>Source Files</Filter>
    </ClCompile>
    <ClCompile Include="ScannerCommands.cpp">
      <Filter>Source Files</Filter>
    </ClCompile>
    <ClCompile Include="ScannerSDKSampleApp.cpp">
      <Filter>Source Files</Filter>
    </ClCompile>
    <ClCompile Include="ScannerSDKSampleAppDlg.cpp">
      <Filter>Source Files</Filter>
    </ClCompile>
    <ClCompile Include="stdafx.cpp">
      <Filter>Source Files</Filter>
    </ClCompile>
    <ClCompile Include="TabWindowManager.cpp">
      <Filter>Source Files</Filter>
    </ClCompile>
    <ClCompile Include="TopologyDlg.cpp">
      <Filter>Source Files</Filter>
    </ClCompile>
    <ClCompile Include="ScanToConnectDlg.cpp">
      <Filter>Source Files</Filter>
    </ClCompile>
  </ItemGroup>
  <ItemGroup>
    <ClInclude Include="BarcodeDlg.h">
      <Filter>Header Files</Filter>
    </ClInclude>
    <ClInclude Include="ConfigurationDlg.h">
      <Filter>Header Files</Filter>
    </ClInclude>
    <ClInclude Include="DadfScriptDlg.h">
      <Filter>Header Files</Filter>
    </ClInclude>
    <ClInclude Include="EmbeddedBrowser.h">
      <Filter>Header Files</Filter>
    </ClInclude>
    <ClInclude Include="EventSink.h">
      <Filter>Header Files</Filter>
    </ClInclude>
    <ClInclude Include="ImageVideoDlg.h">
      <Filter>Header Files</Filter>
    </ClInclude>
    <ClInclude Include="IntelDocCap.h">
      <Filter>Header Files</Filter>
    </ClInclude>
    <ClInclude Include="ISO15434.h">
      <Filter>Header Files</Filter>
    </ClInclude>
    <ClInclude Include="LogsDlg.h">
      <Filter>Header Files</Filter>
    </ClInclude>
    <ClInclude Include="MiscellaneousDlg.h">
      <Filter>Header Files</Filter>
    </ClInclude>
    <ClInclude Include="QuickXmlParser.h">
      <Filter>Header Files</Filter>
    </ClInclude>
    <ClInclude Include="Resource.h">
      <Filter>Header Files</Filter>
    </ClInclude>
    <ClInclude Include="RSMDlg.h">
      <Filter>Header Files</Filter>
    </ClInclude>
    <ClInclude Include="RsmList.h">
      <Filter>Header Files</Filter>
    </ClInclude>
    <ClInclude Include="sampledef.h">
      <Filter>Header Files</Filter>
    </ClInclude>
    <ClInclude Include="ScaleDlg.h">
      <Filter>Header Files</Filter>
    </ClInclude>
    <ClInclude Include="ScannerActionDlg.h">
      <Filter>Header Files</Filter>
    </ClInclude>
    <ClInclude Include="ScannerCommands.h">
      <Filter>Header Files</Filter>
    </ClInclude>
    <ClInclude Include="ScannerList.h">
      <Filter>Header Files</Filter>
    </ClInclude>
    <ClInclude Include="ScannerSDKSampleApp.h">
      <Filter>Header Files</Filter>
    </ClInclude>
    <ClInclude Include="ScannerSDKSampleAppDlg.h">
      <Filter>Header Files</Filter>
    </ClInclude>
    <ClInclude Include="stdafx.h">
      <Filter>Header Files</Filter>
    </ClInclude>
    <ClInclude Include="TabWindowManager.h">
      <Filter>Header Files</Filter>
    </ClInclude>
    <ClInclude Include="targetver.h">
      <Filter>Header Files</Filter>
    </ClInclude>
    <ClInclude Include="TopologyDlg.h">
      <Filter>Header Files</Filter>
    </ClInclude>
    <ClInclude Include="ScanToConnectDlg.h">
      <Filter>Header Files</Filter>
    </ClInclude>
    <ClInclude Include="ScannerHostTypes.h">
      <Filter>Header Files</Filter>
    </ClInclude>
  </ItemGroup>
  <ItemGroup>
    <Image Include="res\DS6707.ico">
      <Filter>Resource Files</Filter>
    </Image>
    <Image Include="res\DS9808.ico">
      <Filter>Resource Files</Filter>
    </Image>
    <Image Include="res\LS1203.ico">
      <Filter>Resource Files</Filter>
    </Image>
    <Image Include="res\LS2208.ico">
      <Filter>Resource Files</Filter>
    </Image>
    <Image Include="res\LS3008.ico">
      <Filter>Resource Files</Filter>
    </Image>
    <Image Include="res\LS3408.ico">
      <Filter>Resource Files</Filter>
    </Image>
    <Image Include="res\LS3578.ico">
      <Filter>Resource Files</Filter>
    </Image>
    <Image Include="res\LS4208.ico">
      <Filter>Resource Files</Filter>
    </Image>
    <Image Include="res\LS4278.ico">
      <Filter>Resource Files</Filter>
    </Image>
    <Image Include="res\LS9203.ico">
      <Filter>Resource Files</Filter>
    </Image>
    <Image Include="res\ScannerSDKSampleApp.ico">
      <Filter>Resource Files</Filter>
    </Image>
    <Image Include="res\STB_W.ico">
      <Filter>Resource Files</Filter>
    </Image>
    <Image Include="res\Unknown.ico">
      <Filter>Resource Files</Filter>
    </Image>
    <Image Include="res\UnknownC.ico">
      <Filter>Resource Files</Filter>
    </Image>
  </ItemGroup>
  <ItemGroup>
    <ResourceCompile Include="ScannerSDKSampleApp.rc">
      <Filter>Resource Files</Filter>
    </ResourceCompile>
  </ItemGroup>
  <ItemGroup>
    <None Include="res\ScannerSDKSampleApp.rc2">
      <Filter>Resource Files</Filter>
    </None>
  </ItemGroup>
  <ItemGroup>
    <Text Include="ReadMe.txt" />
  </ItemGroup>
</Project>